
Microsoft Visual Studio Solution File, Format Version 12.00
# Visual Studio Version 17
VisualStudioVersion = 17.13.35919.96 d17.13
MinimumVisualStudioVersion = 10.0.40219.1
Project("{FAE04EC0-301F-11D3-BF4B-00C04F79EFBC}") = "OptimizationMethods", "OptimizationMethods.csproj", "{4D508F9E-E33B-4C74-A299-F300FA28CDD7}"
EndProject
Global
	GlobalSection(SolutionConfigurationPlatforms) = preSolution
		Debug|Any CPU = Debug|Any CPU
		Release|Any CPU = Release|Any CPU
	EndGlobalSection
	GlobalSection(ProjectConfigurationPlatforms) = postSolution
		{4D508F9E-E33B-4C74-A299-F300FA28CDD7}.Debug|Any CPU.ActiveCfg = Debug|Any CPU
		{4D508F9E-E33B-4C74-A299-F300FA28CDD7}.Debug|Any CPU.Build.0 = Debug|Any CPU
		{4D508F9E-E33B-4C74-A299-F300FA28CDD7}.Release|Any CPU.ActiveCfg = Release|Any CPU
		{4D508F9E-E33B-4C74-A299-F300FA28CDD7}.Release|Any CPU.Build.0 = Release|Any CPU
	EndGlobalSection
	GlobalSection(SolutionProperties) = preSolution
		HideSolutionNode = FALSE
	EndGlobalSection
	GlobalSection(ExtensibilityGlobals) = postSolution
		SolutionGuid = {72136AA1-164A-4C07-B711-6FDADB3ADBAF}
	EndGlobalSection
EndGlobal
